
Microsoft Visual Studio Solution File, Format Version 12.00
# Visual Studio 15
VisualStudioVersion = 15.0.27130.2003
MinimumVisualStudioVersion = 10.0.40219.1
Project("{FAE04EC0-301F-11D3-BF4B-00C04F79EFBC}") = "Sorts", "Sorts\Sorts.csproj", "{944E0B17-1B6B-4FAB-9C35-8321213BF488}"
EndProject
Project("{FAE04EC0-301F-11D3-BF4B-00C04F79EFBC}") = "SortsTests", "SortsTests\SortsTests.csproj", "{BA3180B7-DDD7-4D9E-A7EB-91B86572F4D2}"
EndProject
Global
	GlobalSection(SolutionConfigurationPlatforms) = preSolution
		Debug|Any CPU = Debug|Any CPU
		Release|Any CPU = Release|Any CPU
	EndGlobalSection
	GlobalSection(ProjectConfigurationPlatforms) = postSolution
		{944E0B17-1B6B-4FAB-9C35-8321213BF488}.Debug|Any CPU.ActiveCfg = Debug|Any CPU
		{944E0B17-1B6B-4FAB-9C35-8321213BF488}.Debug|Any CPU.Build.0 = Debug|Any CPU
		{944E0B17-1B6B-4FAB-9C35-8321213BF488}.Release|Any CPU.ActiveCfg = Release|Any CPU
		{944E0B17-1B6B-4FAB-9C35-8321213BF488}.Release|Any CPU.Build.0 = Release|Any CPU
		{BA3180B7-DDD7-4D9E-A7EB-91B86572F4D2}.Debug|Any CPU.ActiveCfg = Debug|Any CPU
		{BA3180B7-DDD7-4D9E-A7EB-91B86572F4D2}.Debug|Any CPU.Build.0 = Debug|Any CPU
		{BA3180B7-DDD7-4D9E-A7EB-91B86572F4D2}.Release|Any CPU.ActiveCfg = Release|Any CPU
		{BA3180B7-DDD7-4D9E-A7EB-91B86572F4D2}.Release|Any CPU.Build.0 = Release|Any CPU
	EndGlobalSection
	GlobalSection(SolutionProperties) = preSolution
		HideSolutionNode = FALSE
	EndGlobalSection
	GlobalSection(ExtensibilityGlobals) = postSolution
		SolutionGuid = {E061C70F-4D1C-41B7-9A07-D2774BFEFD1E}
	EndGlobalSection
EndGlobal
